# This file is autogenerated, do not edit; changes may be undone by the next 'dep ensure'.


[[projects]]
  digest = "1:4d2e5a73dc1500038e504a8d78b986630e3626dc027bc030ba5c75da257cdb96"
  name = "gopkg.in/yaml.v2"
  packages = ["."]
  pruneopts = "UT"
  revision = "51d6538a90f86fe93ac480b35f37b2be17fef232"
  version = "v2.2.2"

[[projects]]
  digest = "1:1922aa3b7bd0478ae20524a87c6660361c4a0e92c36465be063baf9a83da1ca6"
  name = "www.velocidex.com/golang/binparsergen"
  packages = [
    ".",
    "reader",
  ]
  pruneopts = "UT"
  revision = "3c6c4cbb26c0b700f818fdfd3143c0d4005c3312"
  version = "v0.1.0"

[solve-meta]
  analyzer-name = "dep"
  analyzer-version = 1
  input-imports = [
    "www.velocidex.com/golang/binparsergen",
    "www.velocidex.com/golang/binparsergen/reader",
  ]
  solver-name = "gps-cdcl"
  solver-version = 1
